
Microsoft Visual Studio Solution File, Format Version 12.00
# Visual Studio 15
VisualStudioVersion = 15.0.28307.329
MinimumVisualStudioVersion = 10.0.40219.1
Project("{FAE04EC0-301F-11D3-BF4B-00C04F79EFBC}") = "NetCoreReflection", "NetCoreReflection.csproj", "{F2E45DDB-13FC-4184-A893-5AA75F0E4198}"
EndProject
Global
	GlobalSection(SolutionConfigurationPlatforms) = preSolution
		Debug|Any CPU = Debug|Any CPU
		Release|Any CPU = Release|Any CPU
	EndGlobalSection
	GlobalSection(ProjectConfigurationPlatforms) = postSolution
		{F2E45DDB-13FC-4184-A893-5AA75F0E4198}.Debug|Any CPU.ActiveCfg = Debug|Any CPU
		{F2E45DDB-13FC-4184-A893-5AA75F0E4198}.Debug|Any CPU.Build.0 = Debug|Any CPU
		{F2E45DDB-13FC-4184-A893-5AA75F0E4198}.Release|Any CPU.ActiveCfg = Release|Any CPU
		{F2E45DDB-13FC-4184-A893-5AA75F0E4198}.Release|Any CPU.Build.0 = Release|Any CPU
	EndGlobalSection
	GlobalSection(SolutionProperties) = preSolution
		HideSolutionNode = FALSE
	EndGlobalSection
	GlobalSection(ExtensibilityGlobals) = postSolution
		SolutionGuid = {3C979A6C-4BC4-43B5-B3E4-293FB64342FB}
	EndGlobalSection
EndGlobal
